{
  "pins" : [
    {
      "identity" : "toast-swift",
      "kind" : "remoteSourceControl",
      "location" : "https://github.com/BastiaanJansen/toast-swift",
      "state" : {
        "revision" : "bc52aa61d6a372da553d1d59bdd4e56037ae2f14",
        "version" : "1.5.0"
      }
    }
  ],
  "version" : 2
}
